PODS:
  - OMGHTTPURLRQ/UserAgent (3.2.4)
  - TDOAuth (1.2.0):
    - OMGHTTPURLRQ/UserAgent

DEPENDENCIES:
  - TDOAuth

SPEC REPOS:
  https://github.com/cocoapods/specs.git:
    - OMGHTTPURLRQ
    - TDOAuth

SPEC CHECKSUMS:
  OMGHTTPURLRQ: 9ac96bdf5c90a33f75836630729ea1adc312a9ed
  TDOAuth: 94c288c33558f39f58d043b388c0294299b5b374

PODFILE CHECKSUM: 6c14e86fa8642f89f215cf2c633c75515f0b5b93

COCOAPODS: 1.5.3
